
Microsoft Visual Studio Solution File, Format Version 12.00
# Visual Studio Version 17
VisualStudioVersion = 17.4.33213.308
MinimumVisualStudioVersion = 10.0.40219.1
Project("{9A19103F-16F7-4668-BE54-9A1E7A4F7556}") = "Mc2.CrudTest.Presentation.Server", "Mc2.CrudTest.Presentation\Server\Mc2.CrudTest.Presentation.Server.csproj", "{D2AD2F7D-C1E0-4C84-A2A4-6900CED15599}"
EndProject
Project("{9A19103F-16F7-4668-BE54-9A1E7A4F7556}") = "Mc2.CrudTest.Presentation.Client", "Mc2.CrudTest.Presentation\Client\Mc2.CrudTest.Presentation.Client.csproj", "{817C1B83-0CAC-4345-A0BE-5CCF30B15C26}"
EndProject
Project("{9A19103F-16F7-4668-BE54-9A1E7A4F7556}") = "Mc2.CrudTest.Presentation.Shared", "Mc2.CrudTest.Presentation\Shared\Mc2.CrudTest.Presentation.Shared.csproj", "{D6F1EC1A-CE1D-4E6D-B61D-07033DD442BE}"
EndProject
Project("{2150E333-8FDC-42A3-9474-1A3956D46DE8}") = "Test", "Test", "{E00CB329-5B9D-4514-9FFF-D499AEEDF301}"
EndProject
Project("{2150E333-8FDC-42A3-9474-1A3956D46DE8}") = "Presentation", "Presentation", "{5689B9B9-23DF-4F98-A6F3-2A67370505AF}"
EndProject
Project("{2150E333-8FDC-42A3-9474-1A3956D46DE8}") = "Core", "Core", "{A91CF2EA-4190-418A-903F-B7D26D0D9F4C}"
EndProject
Project("{9A19103F-16F7-4668-BE54-9A1E7A4F7556}") = "Mc2.CrudTest.Domain", "Mc2.CrudTest.Core\Domain\Mc2.CrudTest.Domain\Mc2.CrudTest.Domain.csproj", "{F6F716A9-B529-4FCD-AD71-8372619CA9FE}"
EndProject
Project("{9A19103F-16F7-4668-BE54-9A1E7A4F7556}") = "Mc2.CrudTest.Application", "Mc2.CrudTest.Core\Application\Mc2.CrudTest.Application\Mc2.CrudTest.Application.csproj", "{F73C76E1-C6A5-4F0E-89FF-62DC1A760008}"
EndProject
Project("{9A19103F-16F7-4668-BE54-9A1E7A4F7556}") = "Mc2.CrudTest.Infrastructure", "Mc2.CrudTest.Core\Infra\Mc2.CrudTest.Infrastructure\Mc2.CrudTest.Infrastructure.csproj", "{54CAF1D1-D6B6-4687-818A-B0E15AD3F2A0}"
EndProject
Project("{9A19103F-16F7-4668-BE54-9A1E7A4F7556}") = "Mc2.CrudTest.Api", "Mc2.CrudTest.Presentation\Api\Mc2.CrudTest.Api\Mc2.CrudTest.Api.csproj", "{AE52B422-5A8A-4725-9BF6-A57AE00C6013}"
EndProject
Project("{9A19103F-16F7-4668-BE54-9A1E7A4F7556}") = "Mc2.CrudTest.Domain.Tests", "Mc2.CrudTest.UnitTests\Domain.Tests\Mc2.CrudTest.Domain.Tests\Mc2.CrudTest.Domain.Tests.csproj", "{7F67FB6E-5AC6-4C46-9B4E-A71CBE1E36CA}"
EndProject
Project("{9A19103F-16F7-4668-BE54-9A1E7A4F7556}") = "Mc2.CrudTest.Specs", "Mc2.CrudTest.Specs\Mc2.CrudTest.Domain.Specs\Mc2.CrudTest.Specs.csproj", "{ED83ABB7-FFDC-4284-BB3F-5CE6298F338F}"
EndProject
Global
	GlobalSection(SolutionConfigurationPlatforms) = preSolution
		Debug|Any CPU = Debug|Any CPU
		Release|Any CPU = Release|Any CPU
	EndGlobalSection
	GlobalSection(ProjectConfigurationPlatforms) = postSolution
		{D2AD2F7D-C1E0-4C84-A2A4-6900CED15599}.Debug|Any CPU.ActiveCfg = Debug|Any CPU
		{D2AD2F7D-C1E0-4C84-A2A4-6900CED15599}.Debug|Any CPU.Build.0 = Debug|Any CPU
		{D2AD2F7D-C1E0-4C84-A2A4-6900CED15599}.Release|Any CPU.ActiveCfg = Release|Any CPU
		{D2AD2F7D-C1E0-4C84-A2A4-6900CED15599}.Release|Any CPU.Build.0 = Release|Any CPU
		{817C1B83-0CAC-4345-A0BE-5CCF30B15C26}.Debug|Any CPU.ActiveCfg = Debug|Any CPU
		{817C1B83-0CAC-4345-A0BE-5CCF30B15C26}.Debug|Any CPU.Build.0 = Debug|Any CPU
		{817C1B83-0CAC-4345-A0BE-5CCF30B15C26}.Release|Any CPU.ActiveCfg = Release|Any CPU
		{817C1B83-0CAC-4345-A0BE-5CCF30B15C26}.Release|Any CPU.Build.0 = Release|Any CPU
		{D6F1EC1A-CE1D-4E6D-B61D-07033DD442BE}.Debug|Any CPU.ActiveCfg = Debug|Any CPU
		{D6F1EC1A-CE1D-4E6D-B61D-07033DD442BE}.Debug|Any CPU.Build.0 = Debug|Any CPU
		{D6F1EC1A-CE1D-4E6D-B61D-07033DD442BE}.Release|Any CPU.ActiveCfg = Release|Any CPU
		{D6F1EC1A-CE1D-4E6D-B61D-07033DD442BE}.Release|Any CPU.Build.0 = Release|Any CPU
		{F6F716A9-B529-4FCD-AD71-8372619CA9FE}.Debug|Any CPU.ActiveCfg = Debug|Any CPU
		{F6F716A9-B529-4FCD-AD71-8372619CA9FE}.Debug|Any CPU.Build.0 = Debug|Any CPU
		{F6F716A9-B529-4FCD-AD71-8372619CA9FE}.Release|Any CPU.ActiveCfg = Release|Any CPU
		{F6F716A9-B529-4FCD-AD71-8372619CA9FE}.Release|Any CPU.Build.0 = Release|Any CPU
		{F73C76E1-C6A5-4F0E-89FF-62DC1A760008}.Debug|Any CPU.ActiveCfg = Debug|Any CPU
		{F73C76E1-C6A5-4F0E-89FF-62DC1A760008}.Debug|Any CPU.Build.0 = Debug|Any CPU
		{F73C76E1-C6A5-4F0E-89FF-62DC1A760008}.Release|Any CPU.ActiveCfg = Release|Any CPU
		{F73C76E1-C6A5-4F0E-89FF-62DC1A760008}.Release|Any CPU.Build.0 = Release|Any CPU
		{54CAF1D1-D6B6-4687-818A-B0E15AD3F2A0}.Debug|Any CPU.ActiveCfg = Debug|Any CPU
		{54CAF1D1-D6B6-4687-818A-B0E15AD3F2A0}.Debug|Any CPU.Build.0 = Debug|Any CPU
		{54CAF1D1-D6B6-4687-818A-B0E15AD3F2A0}.Release|Any CPU.ActiveCfg = Release|Any CPU
		{54CAF1D1-D6B6-4687-818A-B0E15AD3F2A0}.Release|Any CPU.Build.0 = Release|Any CPU
		{AE52B422-5A8A-4725-9BF6-A57AE00C6013}.Debug|Any CPU.ActiveCfg = Debug|Any CPU
		{AE52B422-5A8A-4725-9BF6-A57AE00C6013}.Debug|Any CPU.Build.0 = Debug|Any CPU
		{AE52B422-5A8A-4725-9BF6-A57AE00C6013}.Release|Any CPU.ActiveCfg = Release|Any CPU
		{AE52B422-5A8A-4725-9BF6-A57AE00C6013}.Release|Any CPU.Build.0 = Release|Any CPU
		{7F67FB6E-5AC6-4C46-9B4E-A71CBE1E36CA}.Debug|Any CPU.ActiveCfg = Debug|Any CPU
		{7F67FB6E-5AC6-4C46-9B4E-A71CBE1E36CA}.Debug|Any CPU.Build.0 = Debug|Any CPU
		{7F67FB6E-5AC6-4C46-9B4E-A71CBE1E36CA}.Release|Any CPU.ActiveCfg = Release|Any CPU
		{7F67FB6E-5AC6-4C46-9B4E-A71CBE1E36CA}.Release|Any CPU.Build.0 = Release|Any CPU
		{ED83ABB7-FFDC-4284-BB3F-5CE6298F338F}.Debug|Any CPU.ActiveCfg = Debug|Any CPU
		{ED83ABB7-FFDC-4284-BB3F-5CE6298F338F}.Debug|Any CPU.Build.0 = Debug|Any CPU
		{ED83ABB7-FFDC-4284-BB3F-5CE6298F338F}.Release|Any CPU.ActiveCfg = Release|Any CPU
		{ED83ABB7-FFDC-4284-BB3F-5CE6298F338F}.Release|Any CPU.Build.0 = Release|Any CPU
	EndGlobalSection
	GlobalSection(SolutionProperties) = preSolution
		HideSolutionNode = FALSE
	EndGlobalSection
	GlobalSection(NestedProjects) = preSolution
		{D2AD2F7D-C1E0-4C84-A2A4-6900CED15599} = {5689B9B9-23DF-4F98-A6F3-2A67370505AF}
		{817C1B83-0CAC-4345-A0BE-5CCF30B15C26} = {5689B9B9-23DF-4F98-A6F3-2A67370505AF}
		{D6F1EC1A-CE1D-4E6D-B61D-07033DD442BE} = {5689B9B9-23DF-4F98-A6F3-2A67370505AF}
		{F6F716A9-B529-4FCD-AD71-8372619CA9FE} = {A91CF2EA-4190-418A-903F-B7D26D0D9F4C}
		{F73C76E1-C6A5-4F0E-89FF-62DC1A760008} = {A91CF2EA-4190-418A-903F-B7D26D0D9F4C}
		{54CAF1D1-D6B6-4687-818A-B0E15AD3F2A0} = {A91CF2EA-4190-418A-903F-B7D26D0D9F4C}
		{AE52B422-5A8A-4725-9BF6-A57AE00C6013} = {5689B9B9-23DF-4F98-A6F3-2A67370505AF}
		{7F67FB6E-5AC6-4C46-9B4E-A71CBE1E36CA} = {E00CB329-5B9D-4514-9FFF-D499AEEDF301}
		{ED83ABB7-FFDC-4284-BB3F-5CE6298F338F} = {E00CB329-5B9D-4514-9FFF-D499AEEDF301}
	EndGlobalSection
	GlobalSection(ExtensibilityGlobals) = postSolution
		SolutionGuid = {4B5A26C9-68C1-49D9-9F32-AF907A1730C2}
	EndGlobalSection
EndGlobal
